
Microsoft Visual Studio Solution File, Format Version 12.00
# Visual Studio Version 17
VisualStudioVersion = 17.0.31903.59
MinimumVisualStudioVersion = 10.0.40219.1
Project("{2150E333-8FDC-42A3-9474-1A3956D46DE8}") = "Presentation", "Presentation", "{06CFFD70-14AA-A959-A3BA-1B15D094E3B1}"
EndProject
Project("{FAE04EC0-301F-11D3-BF4B-00C04F79EFBC}") = "BooksCatalogApi", "Presentation\BooksCatalogApi\BooksCatalogApi.csproj", "{428F0989-25E7-409C-B3CA-A33598792475}"
EndProject
Project("{2150E333-8FDC-42A3-9474-1A3956D46DE8}") = "Application", "Application", "{A74F262E-BDE7-D5D2-89E9-785413424D0A}"
EndProject
Project("{2150E333-8FDC-42A3-9474-1A3956D46DE8}") = "Domain", "Domain", "{996CEBED-A05B-5D42-3FF0-982E087A2599}"
EndProject
Project("{2150E333-8FDC-42A3-9474-1A3956D46DE8}") = "Infrastructure", "Infrastructure", "{DFEE68D8-A7D0-1A41-506C-9B74AA9A7B7B}"
EndProject
Project("{FAE04EC0-301F-11D3-BF4B-00C04F79EFBC}") = "Domain", "Domain\Domain\Domain.csproj", "{3373DB13-6693-4CC2-B96A-E6B80BEA423F}"
EndProject
Project("{FAE04EC0-301F-11D3-BF4B-00C04F79EFBC}") = "Data", "Infrastructure\Data\Data.csproj", "{C0FBBC45-93FD-4064-8771-950C87FCEACC}"
EndProject
Project("{FAE04EC0-301F-11D3-BF4B-00C04F79EFBC}") = "IoC", "Infrastructure\IoC\IoC.csproj", "{97F575D3-3083-48CA-AD15-26F31AF938B3}"
EndProject
Project("{FAE04EC0-301F-11D3-BF4B-00C04F79EFBC}") = "Application", "Application\Application\Application.csproj", "{FE08B136-D5A2-4227-B3FD-629B8E35D145}"
EndProject
Project("{FAE04EC0-301F-11D3-BF4B-00C04F79EFBC}") = "ApplicationJob", "Application\IngestionJob\ApplicationJob.csproj", "{A1B46E93-5168-45B0-85BD-E5C56514C47F}"
EndProject
Project("{FAE04EC0-301F-11D3-BF4B-00C04F79EFBC}") = "ExternalInterfaces", "Infrastructure\ExternalInterfaces\ExternalInterfaces.csproj", "{6EBAE850-DD97-41A7-A735-5D52907472E6}"
EndProject
Project("{FAE04EC0-301F-11D3-BF4B-00C04F79EFBC}") = "Worker", "Infrastructure\Workers\Worker.csproj", "{2CD95E85-CABC-4D5A-AC41-3358E22CD0EB}"
EndProject
Global
	GlobalSection(SolutionConfigurationPlatforms) = preSolution
		Debug|Any CPU = Debug|Any CPU
		Debug|x64 = Debug|x64
		Debug|x86 = Debug|x86
		Release|Any CPU = Release|Any CPU
		Release|x64 = Release|x64
		Release|x86 = Release|x86
	EndGlobalSection
	GlobalSection(ProjectConfigurationPlatforms) = postSolution
		{428F0989-25E7-409C-B3CA-A33598792475}.Debug|Any CPU.ActiveCfg = Debug|Any CPU
		{428F0989-25E7-409C-B3CA-A33598792475}.Debug|Any CPU.Build.0 = Debug|Any CPU
		{428F0989-25E7-409C-B3CA-A33598792475}.Debug|x64.ActiveCfg = Debug|Any CPU
		{428F0989-25E7-409C-B3CA-A33598792475}.Debug|x64.Build.0 = Debug|Any CPU
		{428F0989-25E7-409C-B3CA-A33598792475}.Debug|x86.ActiveCfg = Debug|Any CPU
		{428F0989-25E7-409C-B3CA-A33598792475}.Debug|x86.Build.0 = Debug|Any CPU
		{428F0989-25E7-409C-B3CA-A33598792475}.Release|Any CPU.ActiveCfg = Release|Any CPU
		{428F0989-25E7-409C-B3CA-A33598792475}.Release|Any CPU.Build.0 = Release|Any CPU
		{428F0989-25E7-409C-B3CA-A33598792475}.Release|x64.ActiveCfg = Release|Any CPU
		{428F0989-25E7-409C-B3CA-A33598792475}.Release|x64.Build.0 = Release|Any CPU
		{428F0989-25E7-409C-B3CA-A33598792475}.Release|x86.ActiveCfg = Release|Any CPU
		{428F0989-25E7-409C-B3CA-A33598792475}.Release|x86.Build.0 = Release|Any CPU
		{3373DB13-6693-4CC2-B96A-E6B80BEA423F}.Debug|Any CPU.ActiveCfg = Debug|Any CPU
		{3373DB13-6693-4CC2-B96A-E6B80BEA423F}.Debug|Any CPU.Build.0 = Debug|Any CPU
		{3373DB13-6693-4CC2-B96A-E6B80BEA423F}.Debug|x64.ActiveCfg = Debug|Any CPU
		{3373DB13-6693-4CC2-B96A-E6B80BEA423F}.Debug|x64.Build.0 = Debug|Any CPU
		{3373DB13-6693-4CC2-B96A-E6B80BEA423F}.Debug|x86.ActiveCfg = Debug|Any CPU
		{3373DB13-6693-4CC2-B96A-E6B80BEA423F}.Debug|x86.Build.0 = Debug|Any CPU
		{3373DB13-6693-4CC2-B96A-E6B80BEA423F}.Release|Any CPU.ActiveCfg = Release|Any CPU
		{3373DB13-6693-4CC2-B96A-E6B80BEA423F}.Release|Any CPU.Build.0 = Release|Any CPU
		{3373DB13-6693-4CC2-B96A-E6B80BEA423F}.Release|x64.ActiveCfg = Release|Any CPU
		{3373DB13-6693-4CC2-B96A-E6B80BEA423F}.Release|x64.Build.0 = Release|Any CPU
		{3373DB13-6693-4CC2-B96A-E6B80BEA423F}.Release|x86.ActiveCfg = Release|Any CPU
		{3373DB13-6693-4CC2-B96A-E6B80BEA423F}.Release|x86.Build.0 = Release|Any CPU
		{C0FBBC45-93FD-4064-8771-950C87FCEACC}.Debug|Any CPU.ActiveCfg = Debug|Any CPU
		{C0FBBC45-93FD-4064-8771-950C87FCEACC}.Debug|Any CPU.Build.0 = Debug|Any CPU
		{C0FBBC45-93FD-4064-8771-950C87FCEACC}.Debug|x64.ActiveCfg = Debug|Any CPU
		{C0FBBC45-93FD-4064-8771-950C87FCEACC}.Debug|x64.Build.0 = Debug|Any CPU
		{C0FBBC45-93FD-4064-8771-950C87FCEACC}.Debug|x86.ActiveCfg = Debug|Any CPU
		{C0FBBC45-93FD-4064-8771-950C87FCEACC}.Debug|x86.Build.0 = Debug|Any CPU
		{C0FBBC45-93FD-4064-8771-950C87FCEACC}.Release|Any CPU.ActiveCfg = Release|Any CPU
		{C0FBBC45-93FD-4064-8771-950C87FCEACC}.Release|Any CPU.Build.0 = Release|Any CPU
		{C0FBBC45-93FD-4064-8771-950C87FCEACC}.Release|x64.ActiveCfg = Release|Any CPU
		{C0FBBC45-93FD-4064-8771-950C87FCEACC}.Release|x64.Build.0 = Release|Any CPU
		{C0FBBC45-93FD-4064-8771-950C87FCEACC}.Release|x86.ActiveCfg = Release|Any CPU
		{C0FBBC45-93FD-4064-8771-950C87FCEACC}.Release|x86.Build.0 = Release|Any CPU
		{97F575D3-3083-48CA-AD15-26F31AF938B3}.Debug|Any CPU.ActiveCfg = Debug|Any CPU
		{97F575D3-3083-48CA-AD15-26F31AF938B3}.Debug|Any CPU.Build.0 = Debug|Any CPU
		{97F575D3-3083-48CA-AD15-26F31AF938B3}.Debug|x64.ActiveCfg = Debug|Any CPU
		{97F575D3-3083-48CA-AD15-26F31AF938B3}.Debug|x64.Build.0 = Debug|Any CPU
		{97F575D3-3083-48CA-AD15-26F31AF938B3}.Debug|x86.ActiveCfg = Debug|Any CPU
		{97F575D3-3083-48CA-AD15-26F31AF938B3}.Debug|x86.Build.0 = Debug|Any CPU
		{97F575D3-3083-48CA-AD15-26F31AF938B3}.Release|Any CPU.ActiveCfg = Release|Any CPU
		{97F575D3-3083-48CA-AD15-26F31AF938B3}.Release|Any CPU.Build.0 = Release|Any CPU
		{97F575D3-3083-48CA-AD15-26F31AF938B3}.Release|x64.ActiveCfg = Release|Any CPU
		{97F575D3-3083-48CA-AD15-26F31AF938B3}.Release|x64.Build.0 = Release|Any CPU
		{97F575D3-3083-48CA-AD15-26F31AF938B3}.Release|x86.ActiveCfg = Release|Any CPU
		{97F575D3-3083-48CA-AD15-26F31AF938B3}.Release|x86.Build.0 = Release|Any CPU
		{FE08B136-D5A2-4227-B3FD-629B8E35D145}.Debug|Any CPU.ActiveCfg = Debug|Any CPU
		{FE08B136-D5A2-4227-B3FD-629B8E35D145}.Debug|Any CPU.Build.0 = Debug|Any CPU
		{FE08B136-D5A2-4227-B3FD-629B8E35D145}.Debug|x64.ActiveCfg = Debug|Any CPU
		{FE08B136-D5A2-4227-B3FD-629B8E35D145}.Debug|x64.Build.0 = Debug|Any CPU
		{FE08B136-D5A2-4227-B3FD-629B8E35D145}.Debug|x86.ActiveCfg = Debug|Any CPU
		{FE08B136-D5A2-4227-B3FD-629B8E35D145}.Debug|x86.Build.0 = Debug|Any CPU
		{FE08B136-D5A2-4227-B3FD-629B8E35D145}.Release|Any CPU.ActiveCfg = Release|Any CPU
		{FE08B136-D5A2-4227-B3FD-629B8E35D145}.Release|Any CPU.Build.0 = Release|Any CPU
		{FE08B136-D5A2-4227-B3FD-629B8E35D145}.Release|x64.ActiveCfg = Release|Any CPU
		{FE08B136-D5A2-4227-B3FD-629B8E35D145}.Release|x64.Build.0 = Release|Any CPU
		{FE08B136-D5A2-4227-B3FD-629B8E35D145}.Release|x86.ActiveCfg = Release|Any CPU
		{FE08B136-D5A2-4227-B3FD-629B8E35D145}.Release|x86.Build.0 = Release|Any CPU
		{A1B46E93-5168-45B0-85BD-E5C56514C47F}.Debug|Any CPU.ActiveCfg = Debug|Any CPU
		{A1B46E93-5168-45B0-85BD-E5C56514C47F}.Debug|Any CPU.Build.0 = Debug|Any CPU
		{A1B46E93-5168-45B0-85BD-E5C56514C47F}.Debug|x64.ActiveCfg = Debug|Any CPU
		{A1B46E93-5168-45B0-85BD-E5C56514C47F}.Debug|x64.Build.0 = Debug|Any CPU
		{A1B46E93-5168-45B0-85BD-E5C56514C47F}.Debug|x86.ActiveCfg = Debug|Any CPU
		{A1B46E93-5168-45B0-85BD-E5C56514C47F}.Debug|x86.Build.0 = Debug|Any CPU
		{A1B46E93-5168-45B0-85BD-E5C56514C47F}.Release|Any CPU.ActiveCfg = Release|Any CPU
		{A1B46E93-5168-45B0-85BD-E5C56514C47F}.Release|Any CPU.Build.0 = Release|Any CPU
		{A1B46E93-5168-45B0-85BD-E5C56514C47F}.Release|x64.ActiveCfg = Release|Any CPU
		{A1B46E93-5168-45B0-85BD-E5C56514C47F}.Release|x64.Build.0 = Release|Any CPU
		{A1B46E93-5168-45B0-85BD-E5C56514C47F}.Release|x86.ActiveCfg = Release|Any CPU
		{A1B46E93-5168-45B0-85BD-E5C56514C47F}.Release|x86.Build.0 = Release|Any CPU
		{6EBAE850-DD97-41A7-A735-5D52907472E6}.Debug|Any CPU.ActiveCfg = Debug|Any CPU
		{6EBAE850-DD97-41A7-A735-5D52907472E6}.Debug|Any CPU.Build.0 = Debug|Any CPU
		{6EBAE850-DD97-41A7-A735-5D52907472E6}.Debug|x64.ActiveCfg = Debug|Any CPU
		{6EBAE850-DD97-41A7-A735-5D52907472E6}.Debug|x64.Build.0 = Debug|Any CPU
		{6EBAE850-DD97-41A7-A735-5D52907472E6}.Debug|x86.ActiveCfg = Debug|Any CPU
		{6EBAE850-DD97-41A7-A735-5D52907472E6}.Debug|x86.Build.0 = Debug|Any CPU
		{6EBAE850-DD97-41A7-A735-5D52907472E6}.Release|Any CPU.ActiveCfg = Release|Any CPU
		{6EBAE850-DD97-41A7-A735-5D52907472E6}.Release|Any CPU.Build.0 = Release|Any CPU
		{6EBAE850-DD97-41A7-A735-5D52907472E6}.Release|x64.ActiveCfg = Release|Any CPU
		{6EBAE850-DD97-41A7-A735-5D52907472E6}.Release|x64.Build.0 = Release|Any CPU
		{6EBAE850-DD97-41A7-A735-5D52907472E6}.Release|x86.ActiveCfg = Release|Any CPU
		{6EBAE850-DD97-41A7-A735-5D52907472E6}.Release|x86.Build.0 = Release|Any CPU
		{2CD95E85-CABC-4D5A-AC41-3358E22CD0EB}.Debug|Any CPU.ActiveCfg = Debug|Any CPU
		{2CD95E85-CABC-4D5A-AC41-3358E22CD0EB}.Debug|Any CPU.Build.0 = Debug|Any CPU
		{2CD95E85-CABC-4D5A-AC41-3358E22CD0EB}.Debug|x64.ActiveCfg = Debug|Any CPU
		{2CD95E85-CABC-4D5A-AC41-3358E22CD0EB}.Debug|x64.Build.0 = Debug|Any CPU
		{2CD95E85-CABC-4D5A-AC41-3358E22CD0EB}.Debug|x86.ActiveCfg = Debug|Any CPU
		{2CD95E85-CABC-4D5A-AC41-3358E22CD0EB}.Debug|x86.Build.0 = Debug|Any CPU
		{2CD95E85-CABC-4D5A-AC41-3358E22CD0EB}.Release|Any CPU.ActiveCfg = Release|Any CPU
		{2CD95E85-CABC-4D5A-AC41-3358E22CD0EB}.Release|Any CPU.Build.0 = Release|Any CPU
		{2CD95E85-CABC-4D5A-AC41-3358E22CD0EB}.Release|x64.ActiveCfg = Release|Any CPU
		{2CD95E85-CABC-4D5A-AC41-3358E22CD0EB}.Release|x64.Build.0 = Release|Any CPU
		{2CD95E85-CABC-4D5A-AC41-3358E22CD0EB}.Release|x86.ActiveCfg = Release|Any CPU
		{2CD95E85-CABC-4D5A-AC41-3358E22CD0EB}.Release|x86.Build.0 = Release|Any CPU
	EndGlobalSection
	GlobalSection(SolutionProperties) = preSolution
		HideSolutionNode = FALSE
	EndGlobalSection
	GlobalSection(NestedProjects) = preSolution
		{428F0989-25E7-409C-B3CA-A33598792475} = {06CFFD70-14AA-A959-A3BA-1B15D094E3B1}
		{3373DB13-6693-4CC2-B96A-E6B80BEA423F} = {996CEBED-A05B-5D42-3FF0-982E087A2599}
		{C0FBBC45-93FD-4064-8771-950C87FCEACC} = {DFEE68D8-A7D0-1A41-506C-9B74AA9A7B7B}
		{97F575D3-3083-48CA-AD15-26F31AF938B3} = {DFEE68D8-A7D0-1A41-506C-9B74AA9A7B7B}
		{FE08B136-D5A2-4227-B3FD-629B8E35D145} = {A74F262E-BDE7-D5D2-89E9-785413424D0A}
		{A1B46E93-5168-45B0-85BD-E5C56514C47F} = {A74F262E-BDE7-D5D2-89E9-785413424D0A}
		{6EBAE850-DD97-41A7-A735-5D52907472E6} = {DFEE68D8-A7D0-1A41-506C-9B74AA9A7B7B}
		{2CD95E85-CABC-4D5A-AC41-3358E22CD0EB} = {DFEE68D8-A7D0-1A41-506C-9B74AA9A7B7B}
	EndGlobalSection
EndGlobal
